
Microsoft Visual Studio Solution File, Format Version 12.00
# Visual Studio 14
VisualStudioVersion = 14.0.24720.0
MinimumVisualStudioVersion = 10.0.40219.1
Project("{FAE04EC0-301F-11D3-BF4B-00C04F79EFBC}") = "Warehouse8", "Warehouse8\Warehouse8.csproj", "{17AB60F0-A1B7-4587-9347-5335BCA02FAD}"
EndProject
Global
	GlobalSection(SolutionConfigurationPlatforms) = preSolution
		Debug|Any CPU = Debug|Any CPU
		Release|Any CPU = Release|Any CPU
	EndGlobalSection
	GlobalSection(ProjectConfigurationPlatforms) = postSolution
		{17AB60F0-A1B7-4587-9347-5335BCA02FAD}.Debug|Any CPU.ActiveCfg = Debug|Any CPU
		{17AB60F0-A1B7-4587-9347-5335BCA02FAD}.Debug|Any CPU.Build.0 = Debug|Any CPU
		{17AB60F0-A1B7-4587-9347-5335BCA02FAD}.Release|Any CPU.ActiveCfg = Release|Any CPU
		{17AB60F0-A1B7-4587-9347-5335BCA02FAD}.Release|Any CPU.Build.0 = Release|Any CPU
	EndGlobalSection
	GlobalSection(SolutionProperties) = preSolution
		HideSolutionNode = FALSE
	EndGlobalSection
EndGlobal
